
Microsoft Visual Studio Solution File, Format Version 12.00
# Visual Studio Version 17
VisualStudioVersion = 17.9.34723.18
MinimumVisualStudioVersion = 10.0.40219.1
Project("{FAE04EC0-301F-11D3-BF4B-00C04F79EFBC}") = "TrainAPI", "TrainAPI\TrainAPI.csproj", "{A8752B92-E61E-413E-9033-37C520E83A12}"
EndProject
Global
	GlobalSection(SolutionConfigurationPlatforms) = preSolution
		Debug|Any CPU = Debug|Any CPU
		Release|Any CPU = Release|Any CPU
	EndGlobalSection
	GlobalSection(ProjectConfigurationPlatforms) = postSolution
		{A8752B92-E61E-413E-9033-37C520E83A12}.Debug|Any CPU.ActiveCfg = Debug|Any CPU
		{A8752B92-E61E-413E-9033-37C520E83A12}.Debug|Any CPU.Build.0 = Debug|Any CPU
		{A8752B92-E61E-413E-9033-37C520E83A12}.Release|Any CPU.ActiveCfg = Release|Any CPU
		{A8752B92-E61E-413E-9033-37C520E83A12}.Release|Any CPU.Build.0 = Release|Any CPU
	EndGlobalSection
	GlobalSection(SolutionProperties) = preSolution
		HideSolutionNode = FALSE
	EndGlobalSection
	GlobalSection(ExtensibilityGlobals) = postSolution
		SolutionGuid = {7AC62207-8113-41AC-81F6-11AAC765260C}
	EndGlobalSection
EndGlobal
